
Microsoft Visual Studio Solution File, Format Version 12.00
# Visual Studio 2013
VisualStudioVersion = 12.0.21005.1
MinimumVisualStudioVersion = 10.0.40219.1
Project("{FAE04EC0-301F-11D3-BF4B-00C04F79EFBC}") = "MateuszChmielowskiLab3ZadDom2", "MateuszChmielowskiLab3ZadDom2\MateuszChmielowskiLab3ZadDom2.csproj", "{7A4104DB-C870-40B4-AD50-0C3238459473}"
EndProject
Global
	GlobalSection(SolutionConfigurationPlatforms) = preSolution
		Debug|Any CPU = Debug|Any CPU
		Release|Any CPU = Release|Any CPU
	EndGlobalSection
	GlobalSection(ProjectConfigurationPlatforms) = postSolution
		{7A4104DB-C870-40B4-AD50-0C3238459473}.Debug|Any CPU.ActiveCfg = Debug|Any CPU
		{7A4104DB-C870-40B4-AD50-0C3238459473}.Debug|Any CPU.Build.0 = Debug|Any CPU
		{7A4104DB-C870-40B4-AD50-0C3238459473}.Release|Any CPU.ActiveCfg = Release|Any CPU
		{7A4104DB-C870-40B4-AD50-0C3238459473}.Release|Any CPU.Build.0 = Release|Any CPU
	EndGlobalSection
	GlobalSection(SolutionProperties) = preSolution
		HideSolutionNode = FALSE
	EndGlobalSection
EndGlobal
